
Microsoft Visual Studio Solution File, Format Version 12.00
# Visual Studio Version 17
VisualStudioVersion = 17.0.31903.59
MinimumVisualStudioVersion = 10.0.40219.1
Project("{2150E333-8FDC-42A3-9474-1A3956D46DE8}") = "src", "src", "{8BC9CEB8-8B4A-11D0-8D11-00A0C91BC942}"
EndProject
Project("{2150E333-8FDC-42A3-9474-1A3956D46DE8}") = "tests", "tests", "{8BC9CEB8-8B4A-11D0-8D11-00A0C91BC943}"
EndProject
Project("{2150E333-8FDC-42A3-9474-1A3956D46DE8}") = "docs", "docs", "{8BC9CEB8-8B4A-11D0-8D11-00A0C91BC944}"
EndProject
Project("{2150E333-8FDC-42A3-9474-1A3956D46DE8}") = "deploy", "deploy", "{8BC9CEB8-8B4A-11D0-8D11-00A0C91BC945}"
EndProject
Project("{2150E333-8FDC-42A3-9474-1A3956D46DE8}") = "samples", "samples", "{8BC9CEB8-8B4A-11D0-8D11-00A0C91BC946}"
EndProject
Project("{2150E333-8FDC-42A3-9474-1A3956D46DE8}") = "meta", "meta", "{8BC9CEB8-8B4A-11D0-8D11-00A0C91BC947}"
	ProjectSection(SolutionItems) = preProject
		Directory.Build.props = Directory.Build.props
		Directory.Build.targets = Directory.Build.targets
		meta\publish-nuget.ps1 = meta\publish-nuget.ps1
	EndProjectSection
EndProject
Project("{FAE04EC0-301F-11D3-BF4B-00C04F79EFBC}") = "Bipins.AI.Api", "src\Bipins.AI.Api\Bipins.AI.Api.csproj", "{F6A7B8C9-D0E1-4F5A-3B4C-5D6E7F8A9B0C}"
EndProject
Project("{FAE04EC0-301F-11D3-BF4B-00C04F79EFBC}") = "Bipins.AI.Worker", "src\Bipins.AI.Worker\Bipins.AI.Worker.csproj", "{A7B8C9D0-E1F2-4A5B-4C5D-6E7F8A9B0C1D}"
EndProject
Project("{FAE04EC0-301F-11D3-BF4B-00C04F79EFBC}") = "Bipins.AI.Samples", "samples\Bipins.AI.Samples\Bipins.AI.Samples.csproj", "{B8C9D0E1-F2A3-4B5C-5D6E-7F8A9B0C1D2E}"
EndProject
Project("{FAE04EC0-301F-11D3-BF4B-00C04F79EFBC}") = "Bipins.AI.UnitTests", "tests\Bipins.AI.UnitTests\Bipins.AI.UnitTests.csproj", "{C9D0E1F2-A3B4-4C5D-6E7F-8A9B0C1D2E3F}"
EndProject
Project("{FAE04EC0-301F-11D3-BF4B-00C04F79EFBC}") = "Bipins.AI.IntegrationTests", "tests\Bipins.AI.IntegrationTests\Bipins.AI.IntegrationTests.csproj", "{D0E1F2A3-B4C5-4D5E-7F8A-9B0C1D2E3F4A}"
EndProject
Project("{2150E333-8FDC-42A3-9474-1A3956D46DE8}") = "AICostOptimizationAdvisor", "AICostOptimizationAdvisor", "{EEC018CA-AE02-BB51-6039-8FC80ABA8FCE}"
EndProject
Project("{2150E333-8FDC-42A3-9474-1A3956D46DE8}") = "src", "src", "{6ADE61EA-9265-49AA-31D8-1049AE6C9134}"
EndProject
Project("{2150E333-8FDC-42A3-9474-1A3956D46DE8}") = "Shared", "Shared", "{9A1E676B-3DEC-E3ED-725A-17C9F4CCFFCD}"
EndProject
Project("{FAE04EC0-301F-11D3-BF4B-00C04F79EFBC}") = "AICostOptimizationAdvisor.Shared", "samples\AICostOptimizationAdvisor\src\Shared\AICostOptimizationAdvisor.Shared.csproj", "{837DF886-EEED-46F8-84D1-9F045E57F923}"
EndProject
Project("{2150E333-8FDC-42A3-9474-1A3956D46DE8}") = "Lambda", "Lambda", "{A45083A4-1DA4-2A10-9855-8FDD1818F064}"
EndProject
Project("{FAE04EC0-301F-11D3-BF4B-00C04F79EFBC}") = "GetCostData", "samples\AICostOptimizationAdvisor\src\Lambda\GetCostData\GetCostData.csproj", "{B24FD145-E5AC-4654-8F63-EE486987568B}"
EndProject
Project("{FAE04EC0-301F-11D3-BF4B-00C04F79EFBC}") = "AnalyzeCosts", "samples\AICostOptimizationAdvisor\src\Lambda\AnalyzeCosts\AnalyzeCosts.csproj", "{D7AC9A0A-6DB4-4B16-AB38-AD0AE011849B}"
EndProject
Project("{FAE04EC0-301F-11D3-BF4B-00C04F79EFBC}") = "GetAnalysisHistory", "samples\AICostOptimizationAdvisor\src\Lambda\GetAnalysisHistory\GetAnalysisHistory.csproj", "{B77A96DA-A605-4C12-9930-29A9A6E88500}"
EndProject
Project("{FAE04EC0-301F-11D3-BF4B-00C04F79EFBC}") = "Bipins.AI", "src\Bipins.AI\Bipins.AI.csproj", "{0CE3C28E-67E0-47ED-B2CE-0EA6673FE481}"
EndProject
Project("{2150E333-8FDC-42A3-9474-1A3956D46DE8}") = "AICloudCostOptimizationAdvisor", "AICloudCostOptimizationAdvisor", "{85F9D188-C47E-3171-E60C-904C3D65F7D1}"
EndProject
Project("{2150E333-8FDC-42A3-9474-1A3956D46DE8}") = "src", "src", "{5B1C0DB4-7459-97F2-704E-2181623337E5}"
EndProject
Project("{2150E333-8FDC-42A3-9474-1A3956D46DE8}") = "Shared", "Shared", "{D4CB6B27-ED5F-4ED8-9D6B-6995E180AD37}"
EndProject
Project("{FAE04EC0-301F-11D3-BF4B-00C04F79EFBC}") = "AICloudCostOptimizationAdvisor.Shared", "samples\AICloudCostOptimizationAdvisor\src\Shared\AICloudCostOptimizationAdvisor.Shared.csproj", "{05EDF167-E7BE-4A17-B050-710142641403}"
EndProject
Project("{FAE04EC0-301F-11D3-BF4B-00C04F79EFBC}") = "AICloudCostOptimizationAdvisor.Web", "samples\AICloudCostOptimizationAdvisor\src\AICloudCostOptimizationAdvisor.Web\AICloudCostOptimizationAdvisor.Web.csproj", "{EBE0238A-B6B7-425C-83EB-A05113E920AA}"
EndProject
Project("{2150E333-8FDC-42A3-9474-1A3956D46DE8}") = "tests", "tests", "{D9D45A71-7702-15C0-B7C6-FE9E9281DE0E}"
EndProject
Project("{FAE04EC0-301F-11D3-BF4B-00C04F79EFBC}") = "AICloudCostOptimizationAdvisor.Tests", "samples\AICloudCostOptimizationAdvisor\tests\AICloudCostOptimizationAdvisor.Tests\AICloudCostOptimizationAdvisor.Tests.csproj", "{07C34C59-8278-4142-9937-F2A44F94C126}"
EndProject
Global
	GlobalSection(SolutionConfigurationPlatforms) = preSolution
		Debug|Any CPU = Debug|Any CPU
		Debug|x64 = Debug|x64
		Debug|x86 = Debug|x86
		Release|Any CPU = Release|Any CPU
		Release|x64 = Release|x64
		Release|x86 = Release|x86
	EndGlobalSection
	GlobalSection(ProjectConfigurationPlatforms) = postSolution
																																																																																																																										{F6A7B8C9-D0E1-4F5A-3B4C-5D6E7F8A9B0C}.Debug|Any CPU.ActiveCfg = Debug|Any CPU
		{F6A7B8C9-D0E1-4F5A-3B4C-5D6E7F8A9B0C}.Debug|Any CPU.Build.0 = Debug|Any CPU
		{F6A7B8C9-D0E1-4F5A-3B4C-5D6E7F8A9B0C}.Debug|x64.ActiveCfg = Debug|Any CPU
		{F6A7B8C9-D0E1-4F5A-3B4C-5D6E7F8A9B0C}.Debug|x64.Build.0 = Debug|Any CPU
		{F6A7B8C9-D0E1-4F5A-3B4C-5D6E7F8A9B0C}.Debug|x86.ActiveCfg = Debug|Any CPU
		{F6A7B8C9-D0E1-4F5A-3B4C-5D6E7F8A9B0C}.Debug|x86.Build.0 = Debug|Any CPU
		{F6A7B8C9-D0E1-4F5A-3B4C-5D6E7F8A9B0C}.Release|Any CPU.ActiveCfg = Release|Any CPU
		{F6A7B8C9-D0E1-4F5A-3B4C-5D6E7F8A9B0C}.Release|Any CPU.Build.0 = Release|Any CPU
		{F6A7B8C9-D0E1-4F5A-3B4C-5D6E7F8A9B0C}.Release|x64.ActiveCfg = Release|Any CPU
		{F6A7B8C9-D0E1-4F5A-3B4C-5D6E7F8A9B0C}.Release|x64.Build.0 = Release|Any CPU
		{F6A7B8C9-D0E1-4F5A-3B4C-5D6E7F8A9B0C}.Release|x86.ActiveCfg = Release|Any CPU
		{F6A7B8C9-D0E1-4F5A-3B4C-5D6E7F8A9B0C}.Release|x86.Build.0 = Release|Any CPU
		{A7B8C9D0-E1F2-4A5B-4C5D-6E7F8A9B0C1D}.Debug|Any CPU.ActiveCfg = Debug|Any CPU
		{A7B8C9D0-E1F2-4A5B-4C5D-6E7F8A9B0C1D}.Debug|Any CPU.Build.0 = Debug|Any CPU
		{A7B8C9D0-E1F2-4A5B-4C5D-6E7F8A9B0C1D}.Debug|x64.ActiveCfg = Debug|Any CPU
		{A7B8C9D0-E1F2-4A5B-4C5D-6E7F8A9B0C1D}.Debug|x64.Build.0 = Debug|Any CPU
		{A7B8C9D0-E1F2-4A5B-4C5D-6E7F8A9B0C1D}.Debug|x86.ActiveCfg = Debug|Any CPU
		{A7B8C9D0-E1F2-4A5B-4C5D-6E7F8A9B0C1D}.Debug|x86.Build.0 = Debug|Any CPU
		{A7B8C9D0-E1F2-4A5B-4C5D-6E7F8A9B0C1D}.Release|Any CPU.ActiveCfg = Release|Any CPU
		{A7B8C9D0-E1F2-4A5B-4C5D-6E7F8A9B0C1D}.Release|Any CPU.Build.0 = Release|Any CPU
		{A7B8C9D0-E1F2-4A5B-4C5D-6E7F8A9B0C1D}.Release|x64.ActiveCfg = Release|Any CPU
		{A7B8C9D0-E1F2-4A5B-4C5D-6E7F8A9B0C1D}.Release|x64.Build.0 = Release|Any CPU
		{A7B8C9D0-E1F2-4A5B-4C5D-6E7F8A9B0C1D}.Release|x86.ActiveCfg = Release|Any CPU
		{A7B8C9D0-E1F2-4A5B-4C5D-6E7F8A9B0C1D}.Release|x86.Build.0 = Release|Any CPU
		{B8C9D0E1-F2A3-4B5C-5D6E-7F8A9B0C1D2E}.Debug|Any CPU.ActiveCfg = Debug|Any CPU
		{B8C9D0E1-F2A3-4B5C-5D6E-7F8A9B0C1D2E}.Debug|Any CPU.Build.0 = Debug|Any CPU
		{B8C9D0E1-F2A3-4B5C-5D6E-7F8A9B0C1D2E}.Debug|x64.ActiveCfg = Debug|Any CPU
		{B8C9D0E1-F2A3-4B5C-5D6E-7F8A9B0C1D2E}.Debug|x64.Build.0 = Debug|Any CPU
		{B8C9D0E1-F2A3-4B5C-5D6E-7F8A9B0C1D2E}.Debug|x86.ActiveCfg = Debug|Any CPU
		{B8C9D0E1-F2A3-4B5C-5D6E-7F8A9B0C1D2E}.Debug|x86.Build.0 = Debug|Any CPU
		{B8C9D0E1-F2A3-4B5C-5D6E-7F8A9B0C1D2E}.Release|Any CPU.ActiveCfg = Release|Any CPU
		{B8C9D0E1-F2A3-4B5C-5D6E-7F8A9B0C1D2E}.Release|Any CPU.Build.0 = Release|Any CPU
		{B8C9D0E1-F2A3-4B5C-5D6E-7F8A9B0C1D2E}.Release|x64.ActiveCfg = Release|Any CPU
		{B8C9D0E1-F2A3-4B5C-5D6E-7F8A9B0C1D2E}.Release|x64.Build.0 = Release|Any CPU
		{B8C9D0E1-F2A3-4B5C-5D6E-7F8A9B0C1D2E}.Release|x86.ActiveCfg = Release|Any CPU
		{B8C9D0E1-F2A3-4B5C-5D6E-7F8A9B0C1D2E}.Release|x86.Build.0 = Release|Any CPU
		{C9D0E1F2-A3B4-4C5D-6E7F-8A9B0C1D2E3F}.Debug|Any CPU.ActiveCfg = Debug|Any CPU
		{C9D0E1F2-A3B4-4C5D-6E7F-8A9B0C1D2E3F}.Debug|Any CPU.Build.0 = Debug|Any CPU
		{C9D0E1F2-A3B4-4C5D-6E7F-8A9B0C1D2E3F}.Debug|x64.ActiveCfg = Debug|Any CPU
		{C9D0E1F2-A3B4-4C5D-6E7F-8A9B0C1D2E3F}.Debug|x64.Build.0 = Debug|Any CPU
		{C9D0E1F2-A3B4-4C5D-6E7F-8A9B0C1D2E3F}.Debug|x86.ActiveCfg = Debug|Any CPU
		{C9D0E1F2-A3B4-4C5D-6E7F-8A9B0C1D2E3F}.Debug|x86.Build.0 = Debug|Any CPU
		{C9D0E1F2-A3B4-4C5D-6E7F-8A9B0C1D2E3F}.Release|Any CPU.ActiveCfg = Release|Any CPU
		{C9D0E1F2-A3B4-4C5D-6E7F-8A9B0C1D2E3F}.Release|Any CPU.Build.0 = Release|Any CPU
		{C9D0E1F2-A3B4-4C5D-6E7F-8A9B0C1D2E3F}.Release|x64.ActiveCfg = Release|Any CPU
		{C9D0E1F2-A3B4-4C5D-6E7F-8A9B0C1D2E3F}.Release|x64.Build.0 = Release|Any CPU
		{C9D0E1F2-A3B4-4C5D-6E7F-8A9B0C1D2E3F}.Release|x86.ActiveCfg = Release|Any CPU
		{C9D0E1F2-A3B4-4C5D-6E7F-8A9B0C1D2E3F}.Release|x86.Build.0 = Release|Any CPU
		{D0E1F2A3-B4C5-4D5E-7F8A-9B0C1D2E3F4A}.Debug|Any CPU.ActiveCfg = Debug|Any CPU
		{D0E1F2A3-B4C5-4D5E-7F8A-9B0C1D2E3F4A}.Debug|Any CPU.Build.0 = Debug|Any CPU
		{D0E1F2A3-B4C5-4D5E-7F8A-9B0C1D2E3F4A}.Debug|x64.ActiveCfg = Debug|Any CPU
		{D0E1F2A3-B4C5-4D5E-7F8A-9B0C1D2E3F4A}.Debug|x64.Build.0 = Debug|Any CPU
		{D0E1F2A3-B4C5-4D5E-7F8A-9B0C1D2E3F4A}.Debug|x86.ActiveCfg = Debug|Any CPU
		{D0E1F2A3-B4C5-4D5E-7F8A-9B0C1D2E3F4A}.Debug|x86.Build.0 = Debug|Any CPU
		{D0E1F2A3-B4C5-4D5E-7F8A-9B0C1D2E3F4A}.Release|Any CPU.ActiveCfg = Release|Any CPU
		{D0E1F2A3-B4C5-4D5E-7F8A-9B0C1D2E3F4A}.Release|Any CPU.Build.0 = Release|Any CPU
		{D0E1F2A3-B4C5-4D5E-7F8A-9B0C1D2E3F4A}.Release|x64.ActiveCfg = Release|Any CPU
		{D0E1F2A3-B4C5-4D5E-7F8A-9B0C1D2E3F4A}.Release|x64.Build.0 = Release|Any CPU
		{D0E1F2A3-B4C5-4D5E-7F8A-9B0C1D2E3F4A}.Release|x86.ActiveCfg = Release|Any CPU
		{D0E1F2A3-B4C5-4D5E-7F8A-9B0C1D2E3F4A}.Release|x86.Build.0 = Release|Any CPU
																																																																																																																																																		{837DF886-EEED-46F8-84D1-9F045E57F923}.Debug|Any CPU.ActiveCfg = Debug|Any CPU
		{837DF886-EEED-46F8-84D1-9F045E57F923}.Debug|Any CPU.Build.0 = Debug|Any CPU
		{837DF886-EEED-46F8-84D1-9F045E57F923}.Debug|x64.ActiveCfg = Debug|Any CPU
		{837DF886-EEED-46F8-84D1-9F045E57F923}.Debug|x64.Build.0 = Debug|Any CPU
		{837DF886-EEED-46F8-84D1-9F045E57F923}.Debug|x86.ActiveCfg = Debug|Any CPU
		{837DF886-EEED-46F8-84D1-9F045E57F923}.Debug|x86.Build.0 = Debug|Any CPU
		{837DF886-EEED-46F8-84D1-9F045E57F923}.Release|Any CPU.ActiveCfg = Release|Any CPU
		{837DF886-EEED-46F8-84D1-9F045E57F923}.Release|Any CPU.Build.0 = Release|Any CPU
		{837DF886-EEED-46F8-84D1-9F045E57F923}.Release|x64.ActiveCfg = Release|Any CPU
		{837DF886-EEED-46F8-84D1-9F045E57F923}.Release|x64.Build.0 = Release|Any CPU
		{837DF886-EEED-46F8-84D1-9F045E57F923}.Release|x86.ActiveCfg = Release|Any CPU
		{837DF886-EEED-46F8-84D1-9F045E57F923}.Release|x86.Build.0 = Release|Any CPU
		{B24FD145-E5AC-4654-8F63-EE486987568B}.Debug|Any CPU.ActiveCfg = Debug|Any CPU
		{B24FD145-E5AC-4654-8F63-EE486987568B}.Debug|Any CPU.Build.0 = Debug|Any CPU
		{B24FD145-E5AC-4654-8F63-EE486987568B}.Debug|x64.ActiveCfg = Debug|Any CPU
		{B24FD145-E5AC-4654-8F63-EE486987568B}.Debug|x64.Build.0 = Debug|Any CPU
		{B24FD145-E5AC-4654-8F63-EE486987568B}.Debug|x86.ActiveCfg = Debug|Any CPU
		{B24FD145-E5AC-4654-8F63-EE486987568B}.Debug|x86.Build.0 = Debug|Any CPU
		{B24FD145-E5AC-4654-8F63-EE486987568B}.Release|Any CPU.ActiveCfg = Release|Any CPU
		{B24FD145-E5AC-4654-8F63-EE486987568B}.Release|Any CPU.Build.0 = Release|Any CPU
		{B24FD145-E5AC-4654-8F63-EE486987568B}.Release|x64.ActiveCfg = Release|Any CPU
		{B24FD145-E5AC-4654-8F63-EE486987568B}.Release|x64.Build.0 = Release|Any CPU
		{B24FD145-E5AC-4654-8F63-EE486987568B}.Release|x86.ActiveCfg = Release|Any CPU
		{B24FD145-E5AC-4654-8F63-EE486987568B}.Release|x86.Build.0 = Release|Any CPU
		{D7AC9A0A-6DB4-4B16-AB38-AD0AE011849B}.Debug|Any CPU.ActiveCfg = Debug|Any CPU
		{D7AC9A0A-6DB4-4B16-AB38-AD0AE011849B}.Debug|Any CPU.Build.0 = Debug|Any CPU
		{D7AC9A0A-6DB4-4B16-AB38-AD0AE011849B}.Debug|x64.ActiveCfg = Debug|Any CPU
		{D7AC9A0A-6DB4-4B16-AB38-AD0AE011849B}.Debug|x64.Build.0 = Debug|Any CPU
		{D7AC9A0A-6DB4-4B16-AB38-AD0AE011849B}.Debug|x86.ActiveCfg = Debug|Any CPU
		{D7AC9A0A-6DB4-4B16-AB38-AD0AE011849B}.Debug|x86.Build.0 = Debug|Any CPU
		{D7AC9A0A-6DB4-4B16-AB38-AD0AE011849B}.Release|Any CPU.ActiveCfg = Release|Any CPU
		{D7AC9A0A-6DB4-4B16-AB38-AD0AE011849B}.Release|Any CPU.Build.0 = Release|Any CPU
		{D7AC9A0A-6DB4-4B16-AB38-AD0AE011849B}.Release|x64.ActiveCfg = Release|Any CPU
		{D7AC9A0A-6DB4-4B16-AB38-AD0AE011849B}.Release|x64.Build.0 = Release|Any CPU
		{D7AC9A0A-6DB4-4B16-AB38-AD0AE011849B}.Release|x86.ActiveCfg = Release|Any CPU
		{D7AC9A0A-6DB4-4B16-AB38-AD0AE011849B}.Release|x86.Build.0 = Release|Any CPU
		{B77A96DA-A605-4C12-9930-29A9A6E88500}.Debug|Any CPU.ActiveCfg = Debug|Any CPU
		{B77A96DA-A605-4C12-9930-29A9A6E88500}.Debug|Any CPU.Build.0 = Debug|Any CPU
		{B77A96DA-A605-4C12-9930-29A9A6E88500}.Debug|x64.ActiveCfg = Debug|Any CPU
		{B77A96DA-A605-4C12-9930-29A9A6E88500}.Debug|x64.Build.0 = Debug|Any CPU
		{B77A96DA-A605-4C12-9930-29A9A6E88500}.Debug|x86.ActiveCfg = Debug|Any CPU
		{B77A96DA-A605-4C12-9930-29A9A6E88500}.Debug|x86.Build.0 = Debug|Any CPU
		{B77A96DA-A605-4C12-9930-29A9A6E88500}.Release|Any CPU.ActiveCfg = Release|Any CPU
		{B77A96DA-A605-4C12-9930-29A9A6E88500}.Release|Any CPU.Build.0 = Release|Any CPU
		{B77A96DA-A605-4C12-9930-29A9A6E88500}.Release|x64.ActiveCfg = Release|Any CPU
		{B77A96DA-A605-4C12-9930-29A9A6E88500}.Release|x64.Build.0 = Release|Any CPU
		{B77A96DA-A605-4C12-9930-29A9A6E88500}.Release|x86.ActiveCfg = Release|Any CPU
		{B77A96DA-A605-4C12-9930-29A9A6E88500}.Release|x86.Build.0 = Release|Any CPU
		{0CE3C28E-67E0-47ED-B2CE-0EA6673FE481}.Debug|Any CPU.ActiveCfg = Debug|Any CPU
		{0CE3C28E-67E0-47ED-B2CE-0EA6673FE481}.Debug|Any CPU.Build.0 = Debug|Any CPU
		{0CE3C28E-67E0-47ED-B2CE-0EA6673FE481}.Debug|x64.ActiveCfg = Debug|Any CPU
		{0CE3C28E-67E0-47ED-B2CE-0EA6673FE481}.Debug|x64.Build.0 = Debug|Any CPU
		{0CE3C28E-67E0-47ED-B2CE-0EA6673FE481}.Debug|x86.ActiveCfg = Debug|Any CPU
		{0CE3C28E-67E0-47ED-B2CE-0EA6673FE481}.Debug|x86.Build.0 = Debug|Any CPU
		{0CE3C28E-67E0-47ED-B2CE-0EA6673FE481}.Release|Any CPU.ActiveCfg = Release|Any CPU
		{0CE3C28E-67E0-47ED-B2CE-0EA6673FE481}.Release|Any CPU.Build.0 = Release|Any CPU
		{0CE3C28E-67E0-47ED-B2CE-0EA6673FE481}.Release|x64.ActiveCfg = Release|Any CPU
		{0CE3C28E-67E0-47ED-B2CE-0EA6673FE481}.Release|x64.Build.0 = Release|Any CPU
		{0CE3C28E-67E0-47ED-B2CE-0EA6673FE481}.Release|x86.ActiveCfg = Release|Any CPU
		{0CE3C28E-67E0-47ED-B2CE-0EA6673FE481}.Release|x86.Build.0 = Release|Any CPU
		{05EDF167-E7BE-4A17-B050-710142641403}.Debug|Any CPU.ActiveCfg = Debug|Any CPU
		{05EDF167-E7BE-4A17-B050-710142641403}.Debug|Any CPU.Build.0 = Debug|Any CPU
		{05EDF167-E7BE-4A17-B050-710142641403}.Debug|x64.ActiveCfg = Debug|Any CPU
		{05EDF167-E7BE-4A17-B050-710142641403}.Debug|x64.Build.0 = Debug|Any CPU
		{05EDF167-E7BE-4A17-B050-710142641403}.Debug|x86.ActiveCfg = Debug|Any CPU
		{05EDF167-E7BE-4A17-B050-710142641403}.Debug|x86.Build.0 = Debug|Any CPU
		{05EDF167-E7BE-4A17-B050-710142641403}.Release|Any CPU.ActiveCfg = Release|Any CPU
		{05EDF167-E7BE-4A17-B050-710142641403}.Release|Any CPU.Build.0 = Release|Any CPU
		{05EDF167-E7BE-4A17-B050-710142641403}.Release|x64.ActiveCfg = Release|Any CPU
		{05EDF167-E7BE-4A17-B050-710142641403}.Release|x64.Build.0 = Release|Any CPU
		{05EDF167-E7BE-4A17-B050-710142641403}.Release|x86.ActiveCfg = Release|Any CPU
		{05EDF167-E7BE-4A17-B050-710142641403}.Release|x86.Build.0 = Release|Any CPU
		{EBE0238A-B6B7-425C-83EB-A05113E920AA}.Debug|Any CPU.ActiveCfg = Debug|Any CPU
		{EBE0238A-B6B7-425C-83EB-A05113E920AA}.Debug|Any CPU.Build.0 = Debug|Any CPU
		{EBE0238A-B6B7-425C-83EB-A05113E920AA}.Debug|x64.ActiveCfg = Debug|Any CPU
		{EBE0238A-B6B7-425C-83EB-A05113E920AA}.Debug|x64.Build.0 = Debug|Any CPU
		{EBE0238A-B6B7-425C-83EB-A05113E920AA}.Debug|x86.ActiveCfg = Debug|Any CPU
		{EBE0238A-B6B7-425C-83EB-A05113E920AA}.Debug|x86.Build.0 = Debug|Any CPU
		{EBE0238A-B6B7-425C-83EB-A05113E920AA}.Release|Any CPU.ActiveCfg = Release|Any CPU
		{EBE0238A-B6B7-425C-83EB-A05113E920AA}.Release|Any CPU.Build.0 = Release|Any CPU
		{EBE0238A-B6B7-425C-83EB-A05113E920AA}.Release|x64.ActiveCfg = Release|Any CPU
		{EBE0238A-B6B7-425C-83EB-A05113E920AA}.Release|x64.Build.0 = Release|Any CPU
		{EBE0238A-B6B7-425C-83EB-A05113E920AA}.Release|x86.ActiveCfg = Release|Any CPU
		{EBE0238A-B6B7-425C-83EB-A05113E920AA}.Release|x86.Build.0 = Release|Any CPU
		{07C34C59-8278-4142-9937-F2A44F94C126}.Debug|Any CPU.ActiveCfg = Debug|Any CPU
		{07C34C59-8278-4142-9937-F2A44F94C126}.Debug|Any CPU.Build.0 = Debug|Any CPU
		{07C34C59-8278-4142-9937-F2A44F94C126}.Debug|x64.ActiveCfg = Debug|Any CPU
		{07C34C59-8278-4142-9937-F2A44F94C126}.Debug|x64.Build.0 = Debug|Any CPU
		{07C34C59-8278-4142-9937-F2A44F94C126}.Debug|x86.ActiveCfg = Debug|Any CPU
		{07C34C59-8278-4142-9937-F2A44F94C126}.Debug|x86.Build.0 = Debug|Any CPU
		{07C34C59-8278-4142-9937-F2A44F94C126}.Release|Any CPU.ActiveCfg = Release|Any CPU
		{07C34C59-8278-4142-9937-F2A44F94C126}.Release|Any CPU.Build.0 = Release|Any CPU
		{07C34C59-8278-4142-9937-F2A44F94C126}.Release|x64.ActiveCfg = Release|Any CPU
		{07C34C59-8278-4142-9937-F2A44F94C126}.Release|x64.Build.0 = Release|Any CPU
		{07C34C59-8278-4142-9937-F2A44F94C126}.Release|x86.ActiveCfg = Release|Any CPU
		{07C34C59-8278-4142-9937-F2A44F94C126}.Release|x86.Build.0 = Release|Any CPU
	EndGlobalSection
	GlobalSection(SolutionProperties) = preSolution
		HideSolutionNode = FALSE
	EndGlobalSection
	GlobalSection(NestedProjects) = preSolution
							{F6A7B8C9-D0E1-4F5A-3B4C-5D6E7F8A9B0C} = {8BC9CEB8-8B4A-11D0-8D11-00A0C91BC942}
		{A7B8C9D0-E1F2-4A5B-4C5D-6E7F8A9B0C1D} = {8BC9CEB8-8B4A-11D0-8D11-00A0C91BC942}
		{B8C9D0E1-F2A3-4B5C-5D6E-7F8A9B0C1D2E} = {8BC9CEB8-8B4A-11D0-8D11-00A0C91BC946}
		{C9D0E1F2-A3B4-4C5D-6E7F-8A9B0C1D2E3F} = {8BC9CEB8-8B4A-11D0-8D11-00A0C91BC943}
		{D0E1F2A3-B4C5-4D5E-7F8A-9B0C1D2E3F4A} = {8BC9CEB8-8B4A-11D0-8D11-00A0C91BC943}
										{EEC018CA-AE02-BB51-6039-8FC80ABA8FCE} = {8BC9CEB8-8B4A-11D0-8D11-00A0C91BC946}
		{6ADE61EA-9265-49AA-31D8-1049AE6C9134} = {EEC018CA-AE02-BB51-6039-8FC80ABA8FCE}
		{9A1E676B-3DEC-E3ED-725A-17C9F4CCFFCD} = {6ADE61EA-9265-49AA-31D8-1049AE6C9134}
		{837DF886-EEED-46F8-84D1-9F045E57F923} = {9A1E676B-3DEC-E3ED-725A-17C9F4CCFFCD}
		{A45083A4-1DA4-2A10-9855-8FDD1818F064} = {6ADE61EA-9265-49AA-31D8-1049AE6C9134}
		{B24FD145-E5AC-4654-8F63-EE486987568B} = {A45083A4-1DA4-2A10-9855-8FDD1818F064}
		{D7AC9A0A-6DB4-4B16-AB38-AD0AE011849B} = {A45083A4-1DA4-2A10-9855-8FDD1818F064}
		{B77A96DA-A605-4C12-9930-29A9A6E88500} = {A45083A4-1DA4-2A10-9855-8FDD1818F064}
		{0CE3C28E-67E0-47ED-B2CE-0EA6673FE481} = {8BC9CEB8-8B4A-11D0-8D11-00A0C91BC942}
		{85F9D188-C47E-3171-E60C-904C3D65F7D1} = {8BC9CEB8-8B4A-11D0-8D11-00A0C91BC946}
		{5B1C0DB4-7459-97F2-704E-2181623337E5} = {85F9D188-C47E-3171-E60C-904C3D65F7D1}
		{D4CB6B27-ED5F-4ED8-9D6B-6995E180AD37} = {5B1C0DB4-7459-97F2-704E-2181623337E5}
		{05EDF167-E7BE-4A17-B050-710142641403} = {D4CB6B27-ED5F-4ED8-9D6B-6995E180AD37}
		{EBE0238A-B6B7-425C-83EB-A05113E920AA} = {5B1C0DB4-7459-97F2-704E-2181623337E5}
		{D9D45A71-7702-15C0-B7C6-FE9E9281DE0E} = {85F9D188-C47E-3171-E60C-904C3D65F7D1}
		{07C34C59-8278-4142-9937-F2A44F94C126} = {D9D45A71-7702-15C0-B7C6-FE9E9281DE0E}
	EndGlobalSection
	GlobalSection(ExtensibilityGlobals) = postSolution
		SolutionGuid = {A0209D0C-390C-4474-8938-599ED5B03313}
	EndGlobalSection
EndGlobal
